// !$*UTF8*$!
{
	archiveVersion = 1;
	classes = {
	};
	objectVersion = 46;
	objects = {

/* Begin PBXBuildFile section */
		D901C3D519BBE36C004891D6 /* InviteController.m in Sources */ = {isa = PBXBuildFile; fileRef = D901C3D419BBE36C004891D6 /* InviteController.m */; };
		D90F85031A60E6EB001D13BF /* QuartzCore.framework in Frameworks */ = {isa = PBXBuildFile; fileRef = D90F85021A60E6EB001D13BF /* QuartzCore.framework */; };
		D90F85061A61DD90001D13BF /* SlapLocalNotification.m in Sources */ = {isa = PBXBuildFile; fileRef = D90F85051A61DD90001D13BF /* SlapLocalNotification.m */; };
		D913B7C51A976B8E0076E608 /* InviteWallController.m in Sources */ = {isa = PBXBuildFile; fileRef = D913B7C31A976B8E0076E608 /* InviteWallController.m */; };
		D913B7C61A976B8E0076E608 /* InviteWallController.xib in Resources */ = {isa = PBXBuildFile; fileRef = D913B7C41A976B8E0076E608 /* InviteWallController.xib */; };
		D913B7CA1A97791A0076E608 /* SlapWidget.m in Sources */ = {isa = PBXBuildFile; fileRef = D913B7C91A97791A0076E608 /* SlapWidget.m */; };
		D913B7CC1A9792820076E608 /* SlapWidget.xib in Resources */ = {isa = PBXBuildFile; fileRef = D913B7CB1A9792820076E608 /* SlapWidget.xib */; };
		D9206F981A1B1BEE00535B7C /* slap.jpg in Resources */ = {isa = PBXBuildFile; fileRef = D9206F971A1B1BEE00535B7C /* slap.jpg */; };
		D9206F9A1A1DB05D00535B7C /* highfive-0.m4a in Resources */ = {isa = PBXBuildFile; fileRef = D9206F991A1D00A300535B7C /* highfive-0.m4a */; };
		D926677A197A42110096B50C /* Foundation.framework in Frameworks */ = {isa = PBXBuildFile; fileRef = D9266779197A42110096B50C /* Foundation.framework */; };
		D926677C197A42110096B50C /* CoreGraphics.framework in Frameworks */ = {isa = PBXBuildFile; fileRef = D926677B197A42110096B50C /* CoreGraphics.framework */; };
		D926677E197A42110096B50C /* UIKit.framework in Frameworks */ = {isa = PBXBuildFile; fileRef = D926677D197A42110096B50C /* UIKit.framework */; };
		D9266784197A42110096B50C /* InfoPlist.strings in Resources */ = {isa = PBXBuildFile; fileRef = D9266782197A42110096B50C /* InfoPlist.strings */; };
		D9266786197A42110096B50C /* main.m in Sources */ = {isa = PBXBuildFile; fileRef = D9266785197A42110096B50C /* main.m */; };
		D926678A197A42110096B50C /* AppDelegate.m in Sources */ = {isa = PBXBuildFile; fileRef = D9266789197A42110096B50C /* AppDelegate.m */; };
		D926678D197A42120096B50C /* Main.storyboard in Resources */ = {isa = PBXBuildFile; fileRef = D926678B197A42110096B50C /* Main.storyboard */; };
		D9266790197A42120096B50C /* ViewController.m in Sources */ = {isa = PBXBuildFile; fileRef = D926678F197A42120096B50C /* ViewController.m */; };
		D9266792197A42120096B50C /* Images.xcassets in Resources */ = {isa = PBXBuildFile; fileRef = D9266791197A42120096B50C /* Images.xcassets */; };
		D9266799197A42120096B50C /* XCTest.framework in Frameworks */ = {isa = PBXBuildFile; fileRef = D9266798197A42120096B50C /* XCTest.framework */; };
		D926679A197A42120096B50C /* Foundation.framework in Frameworks */ = {isa = PBXBuildFile; fileRef = D9266779197A42110096B50C /* Foundation.framework */; };
		D926679B197A42120096B50C /* UIKit.framework in Frameworks */ = {isa = PBXBuildFile; fileRef = D926677D197A42110096B50C /* UIKit.framework */; };
		D92667A3197A42120096B50C /* InfoPlist.strings in Resources */ = {isa = PBXBuildFile; fileRef = D92667A1197A42120096B50C /* InfoPlist.strings */; };
		D92667A5197A42120096B50C /* HighFiveTests.m in Sources */ = {isa = PBXBuildFile; fileRef = D92667A4197A42120096B50C /* HighFiveTests.m */; };
		D92667AF197A44DE0096B50C /* CoreMotion.framework in Frameworks */ = {isa = PBXBuildFile; fileRef = D92667AE197A44DE0096B50C /* CoreMotion.framework */; };
		D92667B2197AC6DB0096B50C /* Slapperometer.m in Sources */ = {isa = PBXBuildFile; fileRef = D92667B1197AC6DB0096B50C /* Slapperometer.m */; };
		D92667B7197AD3610096B50C /* AddressBook.framework in Frameworks */ = {isa = PBXBuildFile; fileRef = D92667B5197AD3600096B50C /* AddressBook.framework */; };
		D92667B8197AD3610096B50C /* AddressBookUI.framework in Frameworks */ = {isa = PBXBuildFile; fileRef = D92667B6197AD3610096B50C /* AddressBookUI.framework */; };
		D92667BA197ADB770096B50C /* AudioToolbox.framework in Frameworks */ = {isa = PBXBuildFile; fileRef = D92667B9197ADB770096B50C /* AudioToolbox.framework */; };
		D92667BC197AE2F50096B50C /* MessageUI.framework in Frameworks */ = {isa = PBXBuildFile; fileRef = D92667BB197AE2F50096B50C /* MessageUI.framework */; };
		D92667BF197B36E20096B50C /* SlapNet.m in Sources */ = {isa = PBXBuildFile; fileRef = D92667BE197B36E20096B50C /* SlapNet.m */; };
		D92667C3197C6E550096B50C /* Slap.m in Sources */ = {isa = PBXBuildFile; fileRef = D92667C2197C6E550096B50C /* Slap.m */; };
		D929A9DE19C1482400F7F6C8 /* ContactInfoDelegate.m in Sources */ = {isa = PBXBuildFile; fileRef = D929A9DD19C1482400F7F6C8 /* ContactInfoDelegate.m */; };
		D935F1701C70436A0044E28D /* 4inch.png in Resources */ = {isa = PBXBuildFile; fileRef = D935F16F1C70436A0044E28D /* 4inch.png */; };
		D93641DB1A95A40500F7878C /* 5hand120x120.jpg in Resources */ = {isa = PBXBuildFile; fileRef = D93641DA1A95A40500F7878C /* 5hand120x120.jpg */; };
		D93641DD1A95AB0700F7878C /* Icon-60@2x.png in Resources */ = {isa = PBXBuildFile; fileRef = D93641DC1A95AB0600F7878C /* Icon-60@2x.png */; };
		D95423061A5F6F2E00C1F91F /* Inbox.m in Sources */ = {isa = PBXBuildFile; fileRef = D95423051A5F6F2E00C1F91F /* Inbox.m */; };
		D95423081A5F843D00C1F91F /* scroll-down-arrow.png in Resources */ = {isa = PBXBuildFile; fileRef = D95423071A5F843D00C1F91F /* scroll-down-arrow.png */; };
		D954230B1A5FB93100C1F91F /* SlapMotionWorker.m in Sources */ = {isa = PBXBuildFile; fileRef = D954230A1A5FB93100C1F91F /* SlapMotionWorker.m */; };
		D96F2F2E198681EA00A41A6E /* HandWidget.m in Sources */ = {isa = PBXBuildFile; fileRef = D96F2F2D198681EA00A41A6E /* HandWidget.m */; };
		D96F2F31198B7FED00A41A6E /* User.m in Sources */ = {isa = PBXBuildFile; fileRef = D96F2F30198B7FED00A41A6E /* User.m */; };
		D96F2F33198BC07900A41A6E /* internet-high-five.jpeg in Resources */ = {isa = PBXBuildFile; fileRef = D96F2F32198BC07900A41A6E /* internet-high-five.jpeg */; };
		D9749F221A5B86C300D01778 /* TableController.m in Sources */ = {isa = PBXBuildFile; fileRef = D9749F211A5B86C300D01778 /* TableController.m */; };
		D9749F251A5B9D9E00D01778 /* AllYourAddress.m in Sources */ = {isa = PBXBuildFile; fileRef = D9749F241A5B9D9E00D01778 /* AllYourAddress.m */; };
		D9749F291A5BBDBC00D01778 /* ContactCell.m in Sources */ = {isa = PBXBuildFile; fileRef = D9749F281A5BBDBC00D01778 /* ContactCell.m */; };
		D9749F2C1A5BC08600D01778 /* HeaderCell.m in Sources */ = {isa = PBXBuildFile; fileRef = D9749F2B1A5BC08600D01778 /* HeaderCell.m */; };
		D981A70A19C7EF400056EC71 /* Invitron.m in Sources */ = {isa = PBXBuildFile; fileRef = D981A70919C7EF400056EC71 /* Invitron.m */; };
		D9CC14B719C6668E00D6761B /* AddressNameLookup.m in Sources */ = {isa = PBXBuildFile; fileRef = D9CC14B619C6668E00D6761B /* AddressNameLookup.m */; };
		D9D8C39219DA6AAB00AE0DB3 /* SlapAlert.m in Sources */ = {isa = PBXBuildFile; fileRef = D9D8C39119DA6AAB00AE0DB3 /* SlapAlert.m */; };
		D9D8C39519DA926800AE0DB3 /* internet-high-five09.png in Resources */ = {isa = PBXBuildFile; fileRef = D9D8C39419DA926800AE0DB3 /* internet-high-five09.png */; };
		D9DB179F1C759D240092E843 /* SlapRouter.swift in Sources */ = {isa = PBXBuildFile; fileRef = D9DB179E1C759D240092E843 /* SlapRouter.swift */; };
/* End PBXBuildFile section */

/* Begin PBXContainerItemProxy section */
		D926679C197A42120096B50C /* PBXContainerItemProxy */ = {
			isa = PBXContainerItemProxy;
			containerPortal = D926676E197A42110096B50C /* Project object */;
			proxyType = 1;
			remoteGlobalIDString = D9266775197A42110096B50C;
			remoteInfo = HighFive;
		};
/* End PBXContainerItemProxy section */

/* Begin PBXFileReference section */
		D901C3D319BBE36C004891D6 /* InviteController.h */ = {isa = PBXFileReference; fileEncoding = 4; lastKnownFileType = sourcecode.c.h; path = InviteController.h; sourceTree = "<group>"; };
		D901C3D419BBE36C004891D6 /* InviteController.m */ = {isa = PBXFileReference; fileEncoding = 4; lastKnownFileType = sourcecode.c.objc; path = InviteController.m; sourceTree = "<group>"; };
		D90F85021A60E6EB001D13BF /* QuartzCore.framework */ = {isa = PBXFileReference; lastKnownFileType = wrapper.framework; name = QuartzCore.framework; path = System/Library/Frameworks/QuartzCore.framework; sourceTree = SDKROOT; };
		D90F85041A61DD8F001D13BF /* SlapLocalNotification.h */ = {isa = PBXFileReference; fileEncoding = 4; lastKnownFileType = sourcecode.c.h; path = SlapLocalNotification.h; sourceTree = "<group>"; };
		D90F85051A61DD90001D13BF /* SlapLocalNotification.m */ = {isa = PBXFileReference; fileEncoding = 4; lastKnownFileType = sourcecode.c.objc; path = SlapLocalNotification.m; sourceTree = "<group>"; };
		D913B7C21A976B8E0076E608 /* InviteWallController.h */ = {isa = PBXFileReference; fileEncoding = 4; lastKnownFileType = sourcecode.c.h; path = InviteWallController.h; sourceTree = "<group>"; };
		D913B7C31A976B8E0076E608 /* InviteWallController.m */ = {isa = PBXFileReference; fileEncoding = 4; lastKnownFileType = sourcecode.c.objc; path = InviteWallController.m; sourceTree = "<group>"; };
		D913B7C41A976B8E0076E608 /* InviteWallController.xib */ = {isa = PBXFileReference; fileEncoding = 4; lastKnownFileType = file.xib; path = InviteWallController.xib; sourceTree = "<group>"; };
		D913B7C81A97791A0076E608 /* SlapWidget.h */ = {isa = PBXFileReference; fileEncoding = 4; lastKnownFileType = sourcecode.c.h; path = SlapWidget.h; sourceTree = "<group>"; };
		D913B7C91A97791A0076E608 /* SlapWidget.m */ = {isa = PBXFileReference; fileEncoding = 4; lastKnownFileType = sourcecode.c.objc; path = SlapWidget.m; sourceTree = "<group>"; };
		D913B7CB1A9792820076E608 /* SlapWidget.xib */ = {isa = PBXFileReference; fileEncoding = 4; lastKnownFileType = file.xib; path = SlapWidget.xib; sourceTree = "<group>"; };
		D9206F971A1B1BEE00535B7C /* slap.jpg */ = {isa = PBXFileReference; lastKnownFileType = image.jpeg; path = slap.jpg; sourceTree = "<group>"; };
		D9206F991A1D00A300535B7C /* highfive-0.m4a */ = {isa = PBXFileReference; lastKnownFileType = file; path = "highfive-0.m4a"; sourceTree = "<group>"; };
		D9266776197A42110096B50C /* HighFive.app */ = {isa = PBXFileReference; explicitFileType = wrapper.application; includeInIndex = 0; path = HighFive.app; sourceTree = BUILT_PRODUCTS_DIR; };
		D9266779197A42110096B50C /* Foundation.framework */ = {isa = PBXFileReference; lastKnownFileType = wrapper.framework; name = Foundation.framework; path = System/Library/Frameworks/Foundation.framework; sourceTree = SDKROOT; };
		D926677B197A42110096B50C /* CoreGraphics.framework */ = {isa = PBXFileReference; lastKnownFileType = wrapper.framework; name = CoreGraphics.framework; path = System/Library/Frameworks/CoreGraphics.framework; sourceTree = SDKROOT; };
		D926677D197A42110096B50C /* UIKit.framework */ = {isa = PBXFileReference; lastKnownFileType = wrapper.framework; name = UIKit.framework; path = System/Library/Frameworks/UIKit.framework; sourceTree = SDKROOT; };
		D9266781197A42110096B50C /* HighFive-Info.plist */ = {isa = PBXFileReference; lastKnownFileType = text.plist.xml; path = "HighFive-Info.plist"; sourceTree = "<group>"; };
		D9266783197A42110096B50C /* en */ = {isa = PBXFileReference; lastKnownFileType = text.plist.strings; name = en; path = en.lproj/InfoPlist.strings; sourceTree = "<group>"; };
		D9266785197A42110096B50C /* main.m */ = {isa = PBXFileReference; lastKnownFileType = sourcecode.c.objc; path = main.m; sourceTree = "<group>"; };
		D9266787197A42110096B50C /* HighFive-Prefix.pch */ = {isa = PBXFileReference; lastKnownFileType = sourcecode.c.h; path = "HighFive-Prefix.pch"; sourceTree = "<group>"; };
		D9266788197A42110096B50C /* AppDelegate.h */ = {isa = PBXFileReference; lastKnownFileType = sourcecode.c.h; path = AppDelegate.h; sourceTree = "<group>"; };
		D9266789197A42110096B50C /* AppDelegate.m */ = {isa = PBXFileReference; lastKnownFileType = sourcecode.c.objc; path = AppDelegate.m; sourceTree = "<group>"; };
		D926678C197A42110096B50C /* Base */ = {isa = PBXFileReference; lastKnownFileType = file.storyboard; name = Base; path = Base.lproj/Main.storyboard; sourceTree = "<group>"; };
		D926678E197A42120096B50C /* ViewController.h */ = {isa = PBXFileReference; lastKnownFileType = sourcecode.c.h; path = ViewController.h; sourceTree = "<group>"; };
		D926678F197A42120096B50C /* ViewController.m */ = {isa = PBXFileReference; lastKnownFileType = sourcecode.c.objc; path = ViewController.m; sourceTree = "<group>"; };
		D9266791197A42120096B50C /* Images.xcassets */ = {isa = PBXFileReference; lastKnownFileType = folder.assetcatalog; path = Images.xcassets; sourceTree = "<group>"; };
		D9266797197A42120096B50C /* HighFiveTests.xctest */ = {isa = PBXFileReference; explicitFileType = wrapper.cfbundle; includeInIndex = 0; path = HighFiveTests.xctest; sourceTree = BUILT_PRODUCTS_DIR; };
		D9266798197A42120096B50C /* XCTest.framework */ = {isa = PBXFileReference; lastKnownFileType = wrapper.framework; name = XCTest.framework; path = Library/Frameworks/XCTest.framework; sourceTree = DEVELOPER_DIR; };
		D92667A0197A42120096B50C /* HighFiveTests-Info.plist */ = {isa = PBXFileReference; lastKnownFileType = text.plist.xml; path = "HighFiveTests-Info.plist"; sourceTree = "<group>"; };
		D92667A2197A42120096B50C /* en */ = {isa = PBXFileReference; lastKnownFileType = text.plist.strings; name = en; path = en.lproj/InfoPlist.strings; sourceTree = "<group>"; };
		D92667A4197A42120096B50C /* HighFiveTests.m */ = {isa = PBXFileReference; lastKnownFileType = sourcecode.c.objc; path = HighFiveTests.m; sourceTree = "<group>"; };
		D92667AE197A44DE0096B50C /* CoreMotion.framework */ = {isa = PBXFileReference; lastKnownFileType = wrapper.framework; name = CoreMotion.framework; path = System/Library/Frameworks/CoreMotion.framework; sourceTree = SDKROOT; };
		D92667B0197AC6DB0096B50C /* Slapperometer.h */ = {isa = PBXFileReference; fileEncoding = 4; lastKnownFileType = sourcecode.c.h; path = Slapperometer.h; sourceTree = "<group>"; };
		D92667B1197AC6DB0096B50C /* Slapperometer.m */ = {isa = PBXFileReference; fileEncoding = 4; lastKnownFileType = sourcecode.c.objc; path = Slapperometer.m; sourceTree = "<group>"; };
		D92667B5197AD3600096B50C /* AddressBook.framework */ = {isa = PBXFileReference; lastKnownFileType = wrapper.framework; name = AddressBook.framework; path = System/Library/Frameworks/AddressBook.framework; sourceTree = SDKROOT; };
		D92667B6197AD3610096B50C /* AddressBookUI.framework */ = {isa = PBXFileReference; lastKnownFileType = wrapper.framework; name = AddressBookUI.framework; path = System/Library/Frameworks/AddressBookUI.framework; sourceTree = SDKROOT; };
		D92667B9197ADB770096B50C /* AudioToolbox.framework */ = {isa = PBXFileReference; lastKnownFileType = wrapper.framework; name = AudioToolbox.framework; path = System/Library/Frameworks/AudioToolbox.framework; sourceTree = SDKROOT; };
		D92667BB197AE2F50096B50C /* MessageUI.framework */ = {isa = PBXFileReference; lastKnownFileType = wrapper.framework; name = MessageUI.framework; path = System/Library/Frameworks/MessageUI.framework; sourceTree = SDKROOT; };
		D92667BD197B36E20096B50C /* SlapNet.h */ = {isa = PBXFileReference; fileEncoding = 4; lastKnownFileType = sourcecode.c.h; path = SlapNet.h; sourceTree = "<group>"; };
		D92667BE197B36E20096B50C /* SlapNet.m */ = {isa = PBXFileReference; fileEncoding = 4; lastKnownFileType = sourcecode.c.objc; path = SlapNet.m; sourceTree = "<group>"; };
		D92667C1197C6E550096B50C /* Slap.h */ = {isa = PBXFileReference; fileEncoding = 4; lastKnownFileType = sourcecode.c.h; path = Slap.h; sourceTree = "<group>"; };
		D92667C2197C6E550096B50C /* Slap.m */ = {isa = PBXFileReference; fileEncoding = 4; lastKnownFileType = sourcecode.c.objc; path = Slap.m; sourceTree = "<group>"; };
		D929A9DC19C1482400F7F6C8 /* ContactInfoDelegate.h */ = {isa = PBXFileReference; fileEncoding = 4; lastKnownFileType = sourcecode.c.h; path = ContactInfoDelegate.h; sourceTree = "<group>"; };
		D929A9DD19C1482400F7F6C8 /* ContactInfoDelegate.m */ = {isa = PBXFileReference; fileEncoding = 4; lastKnownFileType = sourcecode.c.objc; path = ContactInfoDelegate.m; sourceTree = "<group>"; };
		D935F16F1C70436A0044E28D /* 4inch.png */ = {isa = PBXFileReference; lastKnownFileType = image.png; path = 4inch.png; sourceTree = "<group>"; };
		D93641DA1A95A40500F7878C /* 5hand120x120.jpg */ = {isa = PBXFileReference; lastKnownFileType = image.jpeg; path = 5hand120x120.jpg; sourceTree = "<group>"; };
		D93641DC1A95AB0600F7878C /* Icon-60@2x.png */ = {isa = PBXFileReference; lastKnownFileType = image.png; path = "Icon-60@2x.png"; sourceTree = "<group>"; };
		D95423041A5F6F2E00C1F91F /* Inbox.h */ = {isa = PBXFileReference; fileEncoding = 4; lastKnownFileType = sourcecode.c.h; path = Inbox.h; sourceTree = "<group>"; };
		D95423051A5F6F2E00C1F91F /* Inbox.m */ = {isa = PBXFileReference; fileEncoding = 4; lastKnownFileType = sourcecode.c.objc; path = Inbox.m; sourceTree = "<group>"; };
		D95423071A5F843D00C1F91F /* scroll-down-arrow.png */ = {isa = PBXFileReference; lastKnownFileType = image.png; path = "scroll-down-arrow.png"; sourceTree = "<group>"; };
		D95423091A5FB93100C1F91F /* SlapMotionWorker.h */ = {isa = PBXFileReference; fileEncoding = 4; lastKnownFileType = sourcecode.c.h; path = SlapMotionWorker.h; sourceTree = "<group>"; };
		D954230A1A5FB93100C1F91F /* SlapMotionWorker.m */ = {isa = PBXFileReference; fileEncoding = 4; lastKnownFileType = sourcecode.c.objc; path = SlapMotionWorker.m; sourceTree = "<group>"; };
		D96F2F2C198681EA00A41A6E /* HandWidget.h */ = {isa = PBXFileReference; fileEncoding = 4; lastKnownFileType = sourcecode.c.h; path = HandWidget.h; sourceTree = "<group>"; };
		D96F2F2D198681EA00A41A6E /* HandWidget.m */ = {isa = PBXFileReference; fileEncoding = 4; lastKnownFileType = sourcecode.c.objc; path = HandWidget.m; sourceTree = "<group>"; };
		D96F2F2F198B7FED00A41A6E /* User.h */ = {isa = PBXFileReference; fileEncoding = 4; lastKnownFileType = sourcecode.c.h; path = User.h; sourceTree = "<group>"; };
		D96F2F30198B7FED00A41A6E /* User.m */ = {isa = PBXFileReference; fileEncoding = 4; lastKnownFileType = sourcecode.c.objc; path = User.m; sourceTree = "<group>"; };
		D96F2F32198BC07900A41A6E /* internet-high-five.jpeg */ = {isa = PBXFileReference; lastKnownFileType = image.jpeg; path = "internet-high-five.jpeg"; sourceTree = "<group>"; };
		D9749F201A5B86C300D01778 /* TableController.h */ = {isa = PBXFileReference; fileEncoding = 4; lastKnownFileType = sourcecode.c.h; path = TableController.h; sourceTree = "<group>"; };
		D9749F211A5B86C300D01778 /* TableController.m */ = {isa = PBXFileReference; fileEncoding = 4; lastKnownFileType = sourcecode.c.objc; path = TableController.m; sourceTree = "<group>"; };
		D9749F231A5B9D9E00D01778 /* AllYourAddress.h */ = {isa = PBXFileReference; fileEncoding = 4; lastKnownFileType = sourcecode.c.h; path = AllYourAddress.h; sourceTree = "<group>"; };
		D9749F241A5B9D9E00D01778 /* AllYourAddress.m */ = {isa = PBXFileReference; fileEncoding = 4; lastKnownFileType = sourcecode.c.objc; path = AllYourAddress.m; sourceTree = "<group>"; };
		D9749F271A5BBDBC00D01778 /* ContactCell.h */ = {isa = PBXFileReference; fileEncoding = 4; lastKnownFileType = sourcecode.c.h; path = ContactCell.h; sourceTree = "<group>"; };
		D9749F281A5BBDBC00D01778 /* ContactCell.m */ = {isa = PBXFileReference; fileEncoding = 4; lastKnownFileType = sourcecode.c.objc; path = ContactCell.m; sourceTree = "<group>"; };
		D9749F2A1A5BC08600D01778 /* HeaderCell.h */ = {isa = PBXFileReference; fileEncoding = 4; lastKnownFileType = sourcecode.c.h; path = HeaderCell.h; sourceTree = "<group>"; };
		D9749F2B1A5BC08600D01778 /* HeaderCell.m */ = {isa = PBXFileReference; fileEncoding = 4; lastKnownFileType = sourcecode.c.objc; path = HeaderCell.m; sourceTree = "<group>"; };
		D981A70819C7EF400056EC71 /* Invitron.h */ = {isa = PBXFileReference; fileEncoding = 4; lastKnownFileType = sourcecode.c.h; path = Invitron.h; sourceTree = "<group>"; };
		D981A70919C7EF400056EC71 /* Invitron.m */ = {isa = PBXFileReference; fileEncoding = 4; lastKnownFileType = sourcecode.c.objc; path = Invitron.m; sourceTree = "<group>"; };
		D9CC14B519C6668E00D6761B /* AddressNameLookup.h */ = {isa = PBXFileReference; fileEncoding = 4; lastKnownFileType = sourcecode.c.h; path = AddressNameLookup.h; sourceTree = "<group>"; };
		D9CC14B619C6668E00D6761B /* AddressNameLookup.m */ = {isa = PBXFileReference; fileEncoding = 4; lastKnownFileType = sourcecode.c.objc; path = AddressNameLookup.m; sourceTree = "<group>"; };
		D9D8C39019DA6AAB00AE0DB3 /* SlapAlert.h */ = {isa = PBXFileReference; fileEncoding = 4; lastKnownFileType = sourcecode.c.h; path = SlapAlert.h; sourceTree = "<group>"; };
		D9D8C39119DA6AAB00AE0DB3 /* SlapAlert.m */ = {isa = PBXFileReference; fileEncoding = 4; lastKnownFileType = sourcecode.c.objc; path = SlapAlert.m; sourceTree = "<group>"; };
		D9D8C39419DA926800AE0DB3 /* internet-high-five09.png */ = {isa = PBXFileReference; lastKnownFileType = image.png; path = "internet-high-five09.png"; sourceTree = "<group>"; };
		D9DB179D1C759D230092E843 /* HighFive-Bridging-Header.h */ = {isa = PBXFileReference; lastKnownFileType = sourcecode.c.h; path = "HighFive-Bridging-Header.h"; sourceTree = "<group>"; };
		D9DB179E1C759D240092E843 /* SlapRouter.swift */ = {isa = PBXFileReference; fileEncoding = 4; lastKnownFileType = sourcecode.swift; path = SlapRouter.swift; sourceTree = "<group>"; };
/* End PBXFileReference section */

/* Begin PBXFrameworksBuildPhase section */
		D9266773197A42110096B50C /* Frameworks */ = {
			isa = PBXFrameworksBuildPhase;
			buildActionMask = 2147483647;
			files = (
				D90F85031A60E6EB001D13BF /* QuartzCore.framework in Frameworks */,
				D92667BC197AE2F50096B50C /* MessageUI.framework in Frameworks */,
				D92667BA197ADB770096B50C /* AudioToolbox.framework in Frameworks */,
				D92667B7197AD3610096B50C /* AddressBook.framework in Frameworks */,
				D92667B8197AD3610096B50C /* AddressBookUI.framework in Frameworks */,
				D92667AF197A44DE0096B50C /* CoreMotion.framework in Frameworks */,
				D926677C197A42110096B50C /* CoreGraphics.framework in Frameworks */,
				D926677E197A42110096B50C /* UIKit.framework in Frameworks */,
				D926677A197A42110096B50C /* Foundation.framework in Frameworks */,
			);
			runOnlyForDeploymentPostprocessing = 0;
		};
		D9266794197A42120096B50C /* Frameworks */ = {
			isa = PBXFrameworksBuildPhase;
			buildActionMask = 2147483647;
			files = (
				D9266799197A42120096B50C /* XCTest.framework in Frameworks */,
				D926679B197A42120096B50C /* UIKit.framework in Frameworks */,
				D926679A197A42120096B50C /* Foundation.framework in Frameworks */,
			);
			runOnlyForDeploymentPostprocessing = 0;
		};
/* End PBXFrameworksBuildPhase section */

/* Begin PBXGroup section */
		D90F85071A63085B001D13BF /* Widgets */ = {
			isa = PBXGroup;
			children = (
				D96F2F2C198681EA00A41A6E /* HandWidget.h */,
				D96F2F2D198681EA00A41A6E /* HandWidget.m */,
				D913B7C81A97791A0076E608 /* SlapWidget.h */,
				D913B7C91A97791A0076E608 /* SlapWidget.m */,
				D913B7CB1A9792820076E608 /* SlapWidget.xib */,
			);
			name = Widgets;
			sourceTree = "<group>";
		};
		D913B7C71A976C050076E608 /* Controllers */ = {
			isa = PBXGroup;
			children = (
				D913B7C41A976B8E0076E608 /* InviteWallController.xib */,
				D913B7C21A976B8E0076E608 /* InviteWallController.h */,
				D913B7C31A976B8E0076E608 /* InviteWallController.m */,
			);
			name = Controllers;
			sourceTree = "<group>";
		};
		D926676D197A42110096B50C = {
			isa = PBXGroup;
			children = (
				D926677F197A42110096B50C /* HighFive */,
				D926679E197A42120096B50C /* HighFiveTests */,
				D9266778197A42110096B50C /* Frameworks */,
				D9266777197A42110096B50C /* Products */,
			);
			sourceTree = "<group>";
		};
		D9266777197A42110096B50C /* Products */ = {
			isa = PBXGroup;
			children = (
				D9266776197A42110096B50C /* HighFive.app */,
				D9266797197A42120096B50C /* HighFiveTests.xctest */,
			);
			name = Products;
			sourceTree = "<group>";
		};
		D9266778197A42110096B50C /* Frameworks */ = {
			isa = PBXGroup;
			children = (
				D90F85021A60E6EB001D13BF /* QuartzCore.framework */,
				D92667BB197AE2F50096B50C /* MessageUI.framework */,
				D92667B9197ADB770096B50C /* AudioToolbox.framework */,
				D92667B5197AD3600096B50C /* AddressBook.framework */,
				D92667B6197AD3610096B50C /* AddressBookUI.framework */,
				D92667AE197A44DE0096B50C /* CoreMotion.framework */,
				D9266779197A42110096B50C /* Foundation.framework */,
				D926677B197A42110096B50C /* CoreGraphics.framework */,
				D926677D197A42110096B50C /* UIKit.framework */,
				D9266798197A42120096B50C /* XCTest.framework */,
			);
			name = Frameworks;
			sourceTree = "<group>";
		};
		D926677F197A42110096B50C /* HighFive */ = {
			isa = PBXGroup;
			children = (
				D9266788197A42110096B50C /* AppDelegate.h */,
				D9266789197A42110096B50C /* AppDelegate.m */,
				D96F2F35198F552D00A41A6E /* Views */,
				D9CC14B919C6AEFC00D6761B /* Com */,
				D9CC14B819C6AEE700D6761B /* Utilities */,
				D929A9DB19C147F400F7F6C8 /* Delegates */,
				D926678B197A42110096B50C /* Main.storyboard */,
				D926678E197A42120096B50C /* ViewController.h */,
				D926678F197A42120096B50C /* ViewController.m */,
				D9749F201A5B86C300D01778 /* TableController.h */,
				D9749F211A5B86C300D01778 /* TableController.m */,
				D9266791197A42120096B50C /* Images.xcassets */,
				D96F2F34198F552000A41A6E /* Models */,
				D9266780197A42110096B50C /* Supporting Files */,
			);
			path = HighFive;
			sourceTree = "<group>";
		};
		D9266780197A42110096B50C /* Supporting Files */ = {
			isa = PBXGroup;
			children = (
				D93641DA1A95A40500F7878C /* 5hand120x120.jpg */,
				D93641DC1A95AB0600F7878C /* Icon-60@2x.png */,
				D95423071A5F843D00C1F91F /* scroll-down-arrow.png */,
				D9206F991A1D00A300535B7C /* highfive-0.m4a */,
				D935F16F1C70436A0044E28D /* 4inch.png */,
				D9206F971A1B1BEE00535B7C /* slap.jpg */,
				D96F2F32198BC07900A41A6E /* internet-high-five.jpeg */,
				D9D8C39419DA926800AE0DB3 /* internet-high-five09.png */,
				D9266781197A42110096B50C /* HighFive-Info.plist */,
				D9266782197A42110096B50C /* InfoPlist.strings */,
				D9266785197A42110096B50C /* main.m */,
				D9266787197A42110096B50C /* HighFive-Prefix.pch */,
			);
			name = "Supporting Files";
			sourceTree = "<group>";
		};
		D926679E197A42120096B50C /* HighFiveTests */ = {
			isa = PBXGroup;
			children = (
				D92667A4197A42120096B50C /* HighFiveTests.m */,
				D926679F197A42120096B50C /* Supporting Files */,
			);
			path = HighFiveTests;
			sourceTree = "<group>";
		};
		D926679F197A42120096B50C /* Supporting Files */ = {
			isa = PBXGroup;
			children = (
				D92667A0197A42120096B50C /* HighFiveTests-Info.plist */,
				D92667A1197A42120096B50C /* InfoPlist.strings */,
			);
			name = "Supporting Files";
			sourceTree = "<group>";
		};
		D929A9DB19C147F400F7F6C8 /* Delegates */ = {
			isa = PBXGroup;
			children = (
				D929A9DC19C1482400F7F6C8 /* ContactInfoDelegate.h */,
				D929A9DD19C1482400F7F6C8 /* ContactInfoDelegate.m */,
				D95423091A5FB93100C1F91F /* SlapMotionWorker.h */,
				D954230A1A5FB93100C1F91F /* SlapMotionWorker.m */,
			);
			name = Delegates;
			sourceTree = "<group>";
		};
		D96F2F34198F552000A41A6E /* Models */ = {
			isa = PBXGroup;
			children = (
				D95423041A5F6F2E00C1F91F /* Inbox.h */,
				D95423051A5F6F2E00C1F91F /* Inbox.m */,
				D92667C1197C6E550096B50C /* Slap.h */,
				D92667C2197C6E550096B50C /* Slap.m */,
				D96F2F2F198B7FED00A41A6E /* User.h */,
				D96F2F30198B7FED00A41A6E /* User.m */,
			);
			name = Models;
			sourceTree = "<group>";
		};
		D96F2F35198F552D00A41A6E /* Views */ = {
			isa = PBXGroup;
			children = (
				D9D8C39319DA6DE800AE0DB3 /* Alerts */,
				D9749F261A5BBD8C00D01778 /* Cells */,
				D90F85071A63085B001D13BF /* Widgets */,
				D913B7C71A976C050076E608 /* Controllers */,
			);
			name = Views;
			sourceTree = "<group>";
		};
		D9749F261A5BBD8C00D01778 /* Cells */ = {
			isa = PBXGroup;
			children = (
				D9749F271A5BBDBC00D01778 /* ContactCell.h */,
				D9749F281A5BBDBC00D01778 /* ContactCell.m */,
				D9749F2A1A5BC08600D01778 /* HeaderCell.h */,
				D9749F2B1A5BC08600D01778 /* HeaderCell.m */,
			);
			name = Cells;
			sourceTree = "<group>";
		};
		D9CC14B819C6AEE700D6761B /* Utilities */ = {
			isa = PBXGroup;
			children = (
				D9749F231A5B9D9E00D01778 /* AllYourAddress.h */,
				D9749F241A5B9D9E00D01778 /* AllYourAddress.m */,
				D9CC14B519C6668E00D6761B /* AddressNameLookup.h */,
				D9CC14B619C6668E00D6761B /* AddressNameLookup.m */,
				D92667B0197AC6DB0096B50C /* Slapperometer.h */,
				D92667B1197AC6DB0096B50C /* Slapperometer.m */,
				D981A70819C7EF400056EC71 /* Invitron.h */,
				D981A70919C7EF400056EC71 /* Invitron.m */,
			);
			name = Utilities;
			sourceTree = "<group>";
		};
		D9CC14B919C6AEFC00D6761B /* Com */ = {
			isa = PBXGroup;
			children = (
				D9DB179E1C759D240092E843 /* SlapRouter.swift */,
				D92667BD197B36E20096B50C /* SlapNet.h */,
				D92667BE197B36E20096B50C /* SlapNet.m */,
				D901C3D319BBE36C004891D6 /* InviteController.h */,
				D901C3D419BBE36C004891D6 /* InviteController.m */,
				D9DB179D1C759D230092E843 /* HighFive-Bridging-Header.h */,
			);
			name = Com;
			sourceTree = "<group>";
		};
		D9D8C39319DA6DE800AE0DB3 /* Alerts */ = {
			isa = PBXGroup;
			children = (
				D9D8C39019DA6AAB00AE0DB3 /* SlapAlert.h */,
				D9D8C39119DA6AAB00AE0DB3 /* SlapAlert.m */,
				D90F85041A61DD8F001D13BF /* SlapLocalNotification.h */,
				D90F85051A61DD90001D13BF /* SlapLocalNotification.m */,
			);
			name = Alerts;
			sourceTree = "<group>";
		};
/* End PBXGroup section */

/* Begin PBXNativeTarget section */
		D9266775197A42110096B50C /* HighFive */ = {
			isa = PBXNativeTarget;
			buildConfigurationList = D92667A8197A42120096B50C /* Build configuration list for PBXNativeTarget "HighFive" */;
			buildPhases = (
				D9266772197A42110096B50C /* Sources */,
				D9266773197A42110096B50C /* Frameworks */,
				D9266774197A42110096B50C /* Resources */,
			);
			buildRules = (
			);
			dependencies = (
			);
			name = HighFive;
			productName = HighFive;
			productReference = D9266776197A42110096B50C /* HighFive.app */;
			productType = "com.apple.product-type.application";
		};
		D9266796197A42120096B50C /* HighFiveTests */ = {
			isa = PBXNativeTarget;
			buildConfigurationList = D92667AB197A42120096B50C /* Build configuration list for PBXNativeTarget "HighFiveTests" */;
			buildPhases = (
				D9266793197A42120096B50C /* Sources */,
				D9266794197A42120096B50C /* Frameworks */,
				D9266795197A42120096B50C /* Resources */,
			);
			buildRules = (
			);
			dependencies = (
				D926679D197A42120096B50C /* PBXTargetDependency */,
			);
			name = HighFiveTests;
			productName = HighFiveTests;
			productReference = D9266797197A42120096B50C /* HighFiveTests.xctest */;
			productType = "com.apple.product-type.bundle.unit-test";
		};
/* End PBXNativeTarget section */

/* Begin PBXProject section */
		D926676E197A42110096B50C /* Project object */ = {
			isa = PBXProject;
			attributes = {
				LastUpgradeCheck = 0720;
				ORGANIZATIONNAME = "Ipsum LLC";
				TargetAttributes = {
					D9266775197A42110096B50C = {
						DevelopmentTeam = X68G8MHD24;
						SystemCapabilities = {
							com.apple.GameCenter = {
								enabled = 0;
							};
							com.apple.Push = {
								enabled = 1;
							};
						};
					};
					D9266796197A42120096B50C = {
						TestTargetID = D9266775197A42110096B50C;
					};
				};
			};
			buildConfigurationList = D9266771197A42110096B50C /* Build configuration list for PBXProject "HighFive" */;
			compatibilityVersion = "Xcode 3.2";
			developmentRegion = English;
			hasScannedForEncodings = 0;
			knownRegions = (
				en,
				Base,
			);
			mainGroup = D926676D197A42110096B50C;
			productRefGroup = D9266777197A42110096B50C /* Products */;
			projectDirPath = "";
			projectRoot = "";
			targets = (
				D9266775197A42110096B50C /* HighFive */,
				D9266796197A42120096B50C /* HighFiveTests */,
			);
		};
/* End PBXProject section */

/* Begin PBXResourcesBuildPhase section */
		D9266774197A42110096B50C /* Resources */ = {
			isa = PBXResourcesBuildPhase;
			buildActionMask = 2147483647;
			files = (
				D96F2F33198BC07900A41A6E /* internet-high-five.jpeg in Resources */,
				D913B7CC1A9792820076E608 /* SlapWidget.xib in Resources */,
				D913B7C61A976B8E0076E608 /* InviteWallController.xib in Resources */,
				D9206F981A1B1BEE00535B7C /* slap.jpg in Resources */,
				D9266792197A42120096B50C /* Images.xcassets in Resources */,
				D93641DB1A95A40500F7878C /* 5hand120x120.jpg in Resources */,
				D9266784197A42110096B50C /* InfoPlist.strings in Resources */,
				D95423081A5F843D00C1F91F /* scroll-down-arrow.png in Resources */,
				D93641DD1A95AB0700F7878C /* Icon-60@2x.png in Resources */,
				D935F1701C70436A0044E28D /* 4inch.png in Resources */,
				D926678D197A42120096B50C /* Main.storyboard in Resources */,
				D9206F9A1A1DB05D00535B7C /* highfive-0.m4a in Resources */,
				D9D8C39519DA926800AE0DB3 /* internet-high-five09.png in Resources */,
			);
			runOnlyForDeploymentPostprocessing = 0;
		};
		D9266795197A42120096B50C /* Resources */ = {
			isa = PBXResourcesBuildPhase;
			buildActionMask = 2147483647;
			files = (
				D92667A3197A42120096B50C /* InfoPlist.strings in Resources */,
			);
			runOnlyForDeploymentPostprocessing = 0;
		};
/* End PBXResourcesBuildPhase section */

/* Begin PBXSourcesBuildPhase section */
		D9266772197A42110096B50C /* Sources */ = {
			isa = PBXSourcesBuildPhase;
			buildActionMask = 2147483647;
			files = (
				D90F85061A61DD90001D13BF /* SlapLocalNotification.m in Sources */,
				D9DB179F1C759D240092E843 /* SlapRouter.swift in Sources */,
				D96F2F31198B7FED00A41A6E /* User.m in Sources */,
				D96F2F2E198681EA00A41A6E /* HandWidget.m in Sources */,
				D954230B1A5FB93100C1F91F /* SlapMotionWorker.m in Sources */,
				D981A70A19C7EF400056EC71 /* Invitron.m in Sources */,
				D9CC14B719C6668E00D6761B /* AddressNameLookup.m in Sources */,
				D9749F291A5BBDBC00D01778 /* ContactCell.m in Sources */,
				D9266790197A42120096B50C /* ViewController.m in Sources */,
				D92667B2197AC6DB0096B50C /* Slapperometer.m in Sources */,
				D913B7C51A976B8E0076E608 /* InviteWallController.m in Sources */,
				D92667BF197B36E20096B50C /* SlapNet.m in Sources */,
				D9749F2C1A5BC08600D01778 /* HeaderCell.m in Sources */,
				D926678A197A42110096B50C /* AppDelegate.m in Sources */,
				D913B7CA1A97791A0076E608 /* SlapWidget.m in Sources */,
				D9749F221A5B86C300D01778 /* TableController.m in Sources */,
				D9749F251A5B9D9E00D01778 /* AllYourAddress.m in Sources */,
				D95423061A5F6F2E00C1F91F /* Inbox.m in Sources */,
				D9266786197A42110096B50C /* main.m in Sources */,
				D9D8C39219DA6AAB00AE0DB3 /* SlapAlert.m in Sources */,
				D929A9DE19C1482400F7F6C8 /* ContactInfoDelegate.m in Sources */,
				D92667C3197C6E550096B50C /* Slap.m in Sources */,
				D901C3D519BBE36C004891D6 /* InviteController.m in Sources */,
			);
			runOnlyForDeploymentPostprocessing = 0;
		};
		D9266793197A42120096B50C /* Sources */ = {
			isa = PBXSourcesBuildPhase;
			buildActionMask = 2147483647;
			files = (
				D92667A5197A42120096B50C /* HighFiveTests.m in Sources */,
			);
			runOnlyForDeploymentPostprocessing = 0;
		};
/* End PBXSourcesBuildPhase section */

/* Begin PBXTargetDependency section */
		D926679D197A42120096B50C /* PBXTargetDependency */ = {
			isa = PBXTargetDependency;
			target = D9266775197A42110096B50C /* HighFive */;
			targetProxy = D926679C197A42120096B50C /* PBXContainerItemProxy */;
		};
/* End PBXTargetDependency section */

/* Begin PBXVariantGroup section */
		D9266782197A42110096B50C /* InfoPlist.strings */ = {
			isa = PBXVariantGroup;
			children = (
				D9266783197A42110096B50C /* en */,
			);
			name = InfoPlist.strings;
			sourceTree = "<group>";
		};
		D926678B197A42110096B50C /* Main.storyboard */ = {
			isa = PBXVariantGroup;
			children = (
				D926678C197A42110096B50C /* Base */,
			);
			name = Main.storyboard;
			sourceTree = "<group>";
		};
		D92667A1197A42120096B50C /* InfoPlist.strings */ = {
			isa = PBXVariantGroup;
			children = (
				D92667A2197A42120096B50C /* en */,
			);
			name = InfoPlist.strings;
			sourceTree = "<group>";
		};
/* End PBXVariantGroup section */

/* Begin XCBuildConfiguration section */
		D92667A6197A42120096B50C /* Debug */ = {
			isa = XCBuildConfiguration;
			buildSettings = {
				ALWAYS_SEARCH_USER_PATHS = NO;
				CLANG_CXX_LANGUAGE_STANDARD = "gnu++0x";
				CLANG_CXX_LIBRARY = "libc++";
				CLANG_ENABLE_MODULES = YES;
				CLANG_ENABLE_OBJC_ARC = YES;
				CLANG_WARN_BOOL_CONVERSION = YES;
				CLANG_WARN_CONSTANT_CONVERSION = YES;
				CLANG_WARN_DIRECT_OBJC_ISA_USAGE = YES_ERROR;
				CLANG_WARN_EMPTY_BODY = YES;
				CLANG_WARN_ENUM_CONVERSION = YES;
				CLANG_WARN_INT_CONVERSION = YES;
				CLANG_WARN_OBJC_ROOT_CLASS = YES_ERROR;
				CLANG_WARN__DUPLICATE_METHOD_MATCH = YES;
				CODE_SIGN_IDENTITY = "iPhone Distribution: Ipsum LLC (X68G8MHD24)";
				"CODE_SIGN_IDENTITY[sdk=iphoneos*]" = "iPhone Developer";
				COPY_PHASE_STRIP = NO;
				ENABLE_TESTABILITY = YES;
				GCC_C_LANGUAGE_STANDARD = gnu99;
				GCC_DYNAMIC_NO_PIC = NO;
				GCC_OPTIMIZATION_LEVEL = 0;
				GCC_PREPROCESSOR_DEFINITIONS = (
					"DEBUG=1",
					"$(inherited)",
				);
				GCC_SYMBOLS_PRIVATE_EXTERN = NO;
				GCC_WARN_64_TO_32_BIT_CONVERSION = YES;
				GCC_WARN_ABOUT_RETURN_TYPE = YES_ERROR;
				GCC_WARN_UNDECLARED_SELECTOR = YES;
				GCC_WARN_UNINITIALIZED_AUTOS = YES_AGGRESSIVE;
				GCC_WARN_UNUSED_FUNCTION = YES;
				GCC_WARN_UNUSED_VARIABLE = YES;
				IPHONEOS_DEPLOYMENT_TARGET = 7.1;
				ONLY_ACTIVE_ARCH = YES;
				SDKROOT = iphoneos;
			};
			name = Debug;
		};
		D92667A7197A42120096B50C /* Release */ = {
			isa = XCBuildConfiguration;
			buildSettings = {
				ALWAYS_SEARCH_USER_PATHS = NO;
				CLANG_CXX_LANGUAGE_STANDARD = "gnu++0x";
				CLANG_CXX_LIBRARY = "libc++";
				CLANG_ENABLE_MODULES = YES;
				CLANG_ENABLE_OBJC_ARC = YES;
				CLANG_WARN_BOOL_CONVERSION = YES;
				CLANG_WARN_CONSTANT_CONVERSION = YES;
				CLANG_WARN_DIRECT_OBJC_ISA_USAGE = YES_ERROR;
				CLANG_WARN_EMPTY_BODY = YES;
				CLANG_WARN_ENUM_CONVERSION = YES;
				CLANG_WARN_INT_CONVERSION = YES;
				CLANG_WARN_OBJC_ROOT_CLASS = YES_ERROR;
				CLANG_WARN__DUPLICATE_METHOD_MATCH = YES;
				CODE_SIGN_IDENTITY = "iPhone Distribution: Ipsum LLC (X68G8MHD24)";
				"CODE_SIGN_IDENTITY[sdk=iphoneos*]" = "iPhone Distribution";
				COPY_PHASE_STRIP = YES;
				ENABLE_NS_ASSERTIONS = NO;
				GCC_C_LANGUAGE_STANDARD = gnu99;
				GCC_WARN_64_TO_32_BIT_CONVERSION = YES;
				GCC_WARN_ABOUT_RETURN_TYPE = YES_ERROR;
				GCC_WARN_UNDECLARED_SELECTOR = YES;
				GCC_WARN_UNINITIALIZED_AUTOS = YES_AGGRESSIVE;
				GCC_WARN_UNUSED_FUNCTION = YES;
				GCC_WARN_UNUSED_VARIABLE = YES;
				IPHONEOS_DEPLOYMENT_TARGET = 7.1;
				SDKROOT = iphoneos;
				VALIDATE_PRODUCT = YES;
			};
			name = Release;
		};
		D92667A9197A42120096B50C /* Debug */ = {
			isa = XCBuildConfiguration;
			buildSettings = {
				ASSETCATALOG_COMPILER_APPICON_NAME = AppIcon;
				ASSETCATALOG_COMPILER_LAUNCHIMAGE_NAME = LaunchImage;
				CLANG_ENABLE_MODULES = YES;
				CODE_SIGN_IDENTITY = "iPhone Developer";
				"CODE_SIGN_IDENTITY[sdk=iphoneos*]" = "iPhone Distribution: Ipsum LLC (X68G8MHD24)";
				GCC_PRECOMPILE_PREFIX_HEADER = YES;
				GCC_PREFIX_HEADER = "HighFive/HighFive-Prefix.pch";
				INFOPLIST_FILE = "HighFive/HighFive-Info.plist";
				IPHONEOS_DEPLOYMENT_TARGET = 7.1;
				LD_RUNPATH_SEARCH_PATHS = "$(inherited) @executable_path/Frameworks";
				PRODUCT_BUNDLE_IDENTIFIER = com.ipsumllc.HighFive;
				PRODUCT_NAME = "$(TARGET_NAME)";
				PROVISIONING_PROFILE = "09efec8e-6268-4f40-b11a-85f50de7fd55";
				SWIFT_OBJC_BRIDGING_HEADER = "HighFive/HighFive-Bridging-Header.h";
				SWIFT_OPTIMIZATION_LEVEL = "-Onone";
				WRAPPER_EXTENSION = app;
			};
			name = Debug;
		};
		D92667AA197A42120096B50C /* Release */ = {
			isa = XCBuildConfiguration;
			buildSettings = {
				ASSETCATALOG_COMPILER_APPICON_NAME = AppIcon;
				ASSETCATALOG_COMPILER_LAUNCHIMAGE_NAME = LaunchImage;
				CLANG_ENABLE_MODULES = YES;
				CODE_SIGN_IDENTITY = "iPhone Developer";
				"CODE_SIGN_IDENTITY[sdk=iphoneos*]" = "iPhone Distribution: Ipsum LLC (X68G8MHD24)";
				GCC_PRECOMPILE_PREFIX_HEADER = YES;
				GCC_PREFIX_HEADER = "HighFive/HighFive-Prefix.pch";
				INFOPLIST_FILE = "HighFive/HighFive-Info.plist";
				IPHONEOS_DEPLOYMENT_TARGET = 7.1;
				LD_RUNPATH_SEARCH_PATHS = "$(inherited) @executable_path/Frameworks";
				PRODUCT_BUNDLE_IDENTIFIER = com.ipsumllc.HighFive;
				PRODUCT_NAME = "$(TARGET_NAME)";
				PROVISIONING_PROFILE = "09efec8e-6268-4f40-b11a-85f50de7fd55";
				SWIFT_OBJC_BRIDGING_HEADER = "HighFive/HighFive-Bridging-Header.h";
				WRAPPER_EXTENSION = app;
			};
			name = Release;
		};
		D92667AC197A42120096B50C /* Debug */ = {
			isa = XCBuildConfiguration;
			buildSettings = {
				BUNDLE_LOADER = "$(BUILT_PRODUCTS_DIR)/HighFive.app/HighFive";
				FRAMEWORK_SEARCH_PATHS = (
					"$(SDKROOT)/Developer/Library/Frameworks",
					"$(inherited)",
					"$(DEVELOPER_FRAMEWORKS_DIR)",
				);
				GCC_PRECOMPILE_PREFIX_HEADER = YES;
				GCC_PREFIX_HEADER = "HighFive/HighFive-Prefix.pch";
				GCC_PREPROCESSOR_DEFINITIONS = (
					"DEBUG=1",
					"$(inherited)",
				);
				INFOPLIST_FILE = "HighFiveTests/HighFiveTests-Info.plist";
				PRODUCT_BUNDLE_IDENTIFIER = "com.ipsumllc.${PRODUCT_NAME:rfc1034identifier}";
				PRODUCT_NAME = "$(TARGET_NAME)";
				TEST_HOST = "$(BUNDLE_LOADER)";
				WRAPPER_EXTENSION = xctest;
			};
			name = Debug;
		};
		D92667AD197A42120096B50C /* Release */ = {
			isa = XCBuildConfiguration;
			buildSettings = {
				BUNDLE_LOADER = "$(BUILT_PRODUCTS_DIR)/HighFive.app/HighFive";
				FRAMEWORK_SEARCH_PATHS = (
					"$(SDKROOT)/Developer/Library/Frameworks",
					"$(inherited)",
					"$(DEVELOPER_FRAMEWORKS_DIR)",
				);
				GCC_PRECOMPILE_PREFIX_HEADER = YES;
				GCC_PREFIX_HEADER = "HighFive/HighFive-Prefix.pch";
				INFOPLIST_FILE = "HighFiveTests/HighFiveTests-Info.plist";
				PRODUCT_BUNDLE_IDENTIFIER = "com.ipsumllc.${PRODUCT_NAME:rfc1034identifier}";
				PRODUCT_NAME = "$(TARGET_NAME)";
				TEST_HOST = "$(BUNDLE_LOADER)";
				WRAPPER_EXTENSION = xctest;
			};
			name = Release;
		};
/* End XCBuildConfiguration section */

/* Begin XCConfigurationList section */
		D9266771197A42110096B50C /* Build configuration list for PBXProject "HighFive" */ = {
			isa = XCConfigurationList;
			buildConfigurations = (
				D92667A6197A42120096B50C /* Debug */,
				D92667A7197A42120096B50C /* Release */,
			);
			defaultConfigurationIsVisible = 0;
			defaultConfigurationName = Release;
		};
		D92667A8197A42120096B50C /* Build configuration list for PBXNativeTarget "HighFive" */ = {
			isa = XCConfigurationList;
			buildConfigurations = (
				D92667A9197A42120096B50C /* Debug */,
				D92667AA197A42120096B50C /* Release */,
			);
			defaultConfigurationIsVisible = 0;
			defaultConfigurationName = Release;
		};
		D92667AB197A42120096B50C /* Build configuration list for PBXNativeTarget "HighFiveTests" */ = {
			isa = XCConfigurationList;
			buildConfigurations = (
				D92667AC197A42120096B50C /* Debug */,
				D92667AD197A42120096B50C /* Release */,
			);
			defaultConfigurationIsVisible = 0;
			defaultConfigurationName = Release;
		};
/* End XCConfigurationList section */
	};
	rootObject = D926676E197A42110096B50C /* Project object */;
}
