// !$*UTF8*$!
{
	archiveVersion = 1;
	classes = {
	};
	objectVersion = 46;
	objects = {

/* Begin PBXBuildFile section */
		D926677A197A42110096B50C /* Foundation.framework in Frameworks */ = {isa = PBXBuildFile; fileRef = D9266779197A42110096B50C /* Foundation.framework */; };
		D926677C197A42110096B50C /* CoreGraphics.framework in Frameworks */ = {isa = PBXBuildFile; fileRef = D926677B197A42110096B50C /* CoreGraphics.framework */; };
		D926677E197A42110096B50C /* UIKit.framework in Frameworks */ = {isa = PBXBuildFile; fileRef = D926677D197A42110096B50C /* UIKit.framework */; };
		D9266784197A42110096B50C /* InfoPlist.strings in Resources */ = {isa = PBXBuildFile; fileRef = D9266782197A42110096B50C /* InfoPlist.strings */; };
		D9266786197A42110096B50C /* main.m in Sources */ = {isa = PBXBuildFile; fileRef = D9266785197A42110096B50C /* main.m */; };
		D926678A197A42110096B50C /* AppDelegate.m in Sources */ = {isa = PBXBuildFile; fileRef = D9266789197A42110096B50C /* AppDelegate.m */; };
		D926678D197A42120096B50C /* Main.storyboard in Resources */ = {isa = PBXBuildFile; fileRef = D926678B197A42110096B50C /* Main.storyboard */; };
		D9266790197A42120096B50C /* ViewController.m in Sources */ = {isa = PBXBuildFile; fileRef = D926678F197A42120096B50C /* ViewController.m */; };
		D9266792197A42120096B50C /* Images.xcassets in Resources */ = {isa = PBXBuildFile; fileRef = D9266791197A42120096B50C /* Images.xcassets */; };
		D9266799197A42120096B50C /* XCTest.framework in Frameworks */ = {isa = PBXBuildFile; fileRef = D9266798197A42120096B50C /* XCTest.framework */; };
		D926679A197A42120096B50C /* Foundation.framework in Frameworks */ = {isa = PBXBuildFile; fileRef = D9266779197A42110096B50C /* Foundation.framework */; };
		D926679B197A42120096B50C /* UIKit.framework in Frameworks */ = {isa = PBXBuildFile; fileRef = D926677D197A42110096B50C /* UIKit.framework */; };
		D92667A3197A42120096B50C /* InfoPlist.strings in Resources */ = {isa = PBXBuildFile; fileRef = D92667A1197A42120096B50C /* InfoPlist.strings */; };
		D92667A5197A42120096B50C /* HighFiveTests.m in Sources */ = {isa = PBXBuildFile; fileRef = D92667A4197A42120096B50C /* HighFiveTests.m */; };
		D92667AF197A44DE0096B50C /* CoreMotion.framework in Frameworks */ = {isa = PBXBuildFile; fileRef = D92667AE197A44DE0096B50C /* CoreMotion.framework */; };
		D92667B2197AC6DB0096B50C /* Slapperometer.m in Sources */ = {isa = PBXBuildFile; fileRef = D92667B1197AC6DB0096B50C /* Slapperometer.m */; };
		D92667B4197AD1A40096B50C /* internet-high-five.jpeg in Resources */ = {isa = PBXBuildFile; fileRef = D92667B3197AD1A40096B50C /* internet-high-five.jpeg */; };
		D92667B7197AD3610096B50C /* AddressBook.framework in Frameworks */ = {isa = PBXBuildFile; fileRef = D92667B5197AD3600096B50C /* AddressBook.framework */; };
		D92667B8197AD3610096B50C /* AddressBookUI.framework in Frameworks */ = {isa = PBXBuildFile; fileRef = D92667B6197AD3610096B50C /* AddressBookUI.framework */; };
		D92667BA197ADB770096B50C /* AudioToolbox.framework in Frameworks */ = {isa = PBXBuildFile; fileRef = D92667B9197ADB770096B50C /* AudioToolbox.framework */; };
		D92667BC197AE2F50096B50C /* MessageUI.framework in Frameworks */ = {isa = PBXBuildFile; fileRef = D92667BB197AE2F50096B50C /* MessageUI.framework */; };
		D92667BF197B36E20096B50C /* SlapNet.m in Sources */ = {isa = PBXBuildFile; fileRef = D92667BE197B36E20096B50C /* SlapNet.m */; };
		D92667C3197C6E550096B50C /* Slap.m in Sources */ = {isa = PBXBuildFile; fileRef = D92667C2197C6E550096B50C /* Slap.m */; };
/* End PBXBuildFile section */

/* Begin PBXContainerItemProxy section */
		D926679C197A42120096B50C /* PBXContainerItemProxy */ = {
			isa = PBXContainerItemProxy;
			containerPortal = D926676E197A42110096B50C /* Project object */;
			proxyType = 1;
			remoteGlobalIDString = D9266775197A42110096B50C;
			remoteInfo = HighFive;
		};
/* End PBXContainerItemProxy section */

/* Begin PBXFileReference section */
		D9266776197A42110096B50C /* HighFive.app */ = {isa = PBXFileReference; explicitFileType = wrapper.application; includeInIndex = 0; path = HighFive.app; sourceTree = BUILT_PRODUCTS_DIR; };
		D9266779197A42110096B50C /* Foundation.framework */ = {isa = PBXFileReference; lastKnownFileType = wrapper.framework; name = Foundation.framework; path = System/Library/Frameworks/Foundation.framework; sourceTree = SDKROOT; };
		D926677B197A42110096B50C /* CoreGraphics.framework */ = {isa = PBXFileReference; lastKnownFileType = wrapper.framework; name = CoreGraphics.framework; path = System/Library/Frameworks/CoreGraphics.framework; sourceTree = SDKROOT; };
		D926677D197A42110096B50C /* UIKit.framework */ = {isa = PBXFileReference; lastKnownFileType = wrapper.framework; name = UIKit.framework; path = System/Library/Frameworks/UIKit.framework; sourceTree = SDKROOT; };
		D9266781197A42110096B50C /* HighFive-Info.plist */ = {isa = PBXFileReference; lastKnownFileType = text.plist.xml; path = "HighFive-Info.plist"; sourceTree = "<group>"; };
		D9266783197A42110096B50C /* en */ = {isa = PBXFileReference; lastKnownFileType = text.plist.strings; name = en; path = en.lproj/InfoPlist.strings; sourceTree = "<group>"; };
		D9266785197A42110096B50C /* main.m */ = {isa = PBXFileReference; lastKnownFileType = sourcecode.c.objc; path = main.m; sourceTree = "<group>"; };
		D9266787197A42110096B50C /* HighFive-Prefix.pch */ = {isa = PBXFileReference; lastKnownFileType = sourcecode.c.h; path = "HighFive-Prefix.pch"; sourceTree = "<group>"; };
		D9266788197A42110096B50C /* AppDelegate.h */ = {isa = PBXFileReference; lastKnownFileType = sourcecode.c.h; path = AppDelegate.h; sourceTree = "<group>"; };
		D9266789197A42110096B50C /* AppDelegate.m */ = {isa = PBXFileReference; lastKnownFileType = sourcecode.c.objc; path = AppDelegate.m; sourceTree = "<group>"; };
		D926678C197A42110096B50C /* Base */ = {isa = PBXFileReference; lastKnownFileType = file.storyboard; name = Base; path = Base.lproj/Main.storyboard; sourceTree = "<group>"; };
		D926678E197A42120096B50C /* ViewController.h */ = {isa = PBXFileReference; lastKnownFileType = sourcecode.c.h; path = ViewController.h; sourceTree = "<group>"; };
		D926678F197A42120096B50C /* ViewController.m */ = {isa = PBXFileReference; lastKnownFileType = sourcecode.c.objc; path = ViewController.m; sourceTree = "<group>"; };
		D9266791197A42120096B50C /* Images.xcassets */ = {isa = PBXFileReference; lastKnownFileType = folder.assetcatalog; path = Images.xcassets; sourceTree = "<group>"; };
		D9266797197A42120096B50C /* HighFiveTests.xctest */ = {isa = PBXFileReference; explicitFileType = wrapper.cfbundle; includeInIndex = 0; path = HighFiveTests.xctest; sourceTree = BUILT_PRODUCTS_DIR; };
		D9266798197A42120096B50C /* XCTest.framework */ = {isa = PBXFileReference; lastKnownFileType = wrapper.framework; name = XCTest.framework; path = Library/Frameworks/XCTest.framework; sourceTree = DEVELOPER_DIR; };
		D92667A0197A42120096B50C /* HighFiveTests-Info.plist */ = {isa = PBXFileReference; lastKnownFileType = text.plist.xml; path = "HighFiveTests-Info.plist"; sourceTree = "<group>"; };
		D92667A2197A42120096B50C /* en */ = {isa = PBXFileReference; lastKnownFileType = text.plist.strings; name = en; path = en.lproj/InfoPlist.strings; sourceTree = "<group>"; };
		D92667A4197A42120096B50C /* HighFiveTests.m */ = {isa = PBXFileReference; lastKnownFileType = sourcecode.c.objc; path = HighFiveTests.m; sourceTree = "<group>"; };
		D92667AE197A44DE0096B50C /* CoreMotion.framework */ = {isa = PBXFileReference; lastKnownFileType = wrapper.framework; name = CoreMotion.framework; path = System/Library/Frameworks/CoreMotion.framework; sourceTree = SDKROOT; };
		D92667B0197AC6DB0096B50C /* Slapperometer.h */ = {isa = PBXFileReference; fileEncoding = 4; lastKnownFileType = sourcecode.c.h; path = Slapperometer.h; sourceTree = "<group>"; };
		D92667B1197AC6DB0096B50C /* Slapperometer.m */ = {isa = PBXFileReference; fileEncoding = 4; lastKnownFileType = sourcecode.c.objc; path = Slapperometer.m; sourceTree = "<group>"; };
		D92667B3197AD1A40096B50C /* internet-high-five.jpeg */ = {isa = PBXFileReference; lastKnownFileType = image.jpeg; path = "internet-high-five.jpeg"; sourceTree = "<group>"; };
		D92667B5197AD3600096B50C /* AddressBook.framework */ = {isa = PBXFileReference; lastKnownFileType = wrapper.framework; name = AddressBook.framework; path = System/Library/Frameworks/AddressBook.framework; sourceTree = SDKROOT; };
		D92667B6197AD3610096B50C /* AddressBookUI.framework */ = {isa = PBXFileReference; lastKnownFileType = wrapper.framework; name = AddressBookUI.framework; path = System/Library/Frameworks/AddressBookUI.framework; sourceTree = SDKROOT; };
		D92667B9197ADB770096B50C /* AudioToolbox.framework */ = {isa = PBXFileReference; lastKnownFileType = wrapper.framework; name = AudioToolbox.framework; path = System/Library/Frameworks/AudioToolbox.framework; sourceTree = SDKROOT; };
		D92667BB197AE2F50096B50C /* MessageUI.framework */ = {isa = PBXFileReference; lastKnownFileType = wrapper.framework; name = MessageUI.framework; path = System/Library/Frameworks/MessageUI.framework; sourceTree = SDKROOT; };
		D92667BD197B36E20096B50C /* SlapNet.h */ = {isa = PBXFileReference; fileEncoding = 4; lastKnownFileType = sourcecode.c.h; path = SlapNet.h; sourceTree = "<group>"; };
		D92667BE197B36E20096B50C /* SlapNet.m */ = {isa = PBXFileReference; fileEncoding = 4; lastKnownFileType = sourcecode.c.objc; path = SlapNet.m; sourceTree = "<group>"; };
		D92667C1197C6E550096B50C /* Slap.h */ = {isa = PBXFileReference; fileEncoding = 4; lastKnownFileType = sourcecode.c.h; path = Slap.h; sourceTree = "<group>"; };
		D92667C2197C6E550096B50C /* Slap.m */ = {isa = PBXFileReference; fileEncoding = 4; lastKnownFileType = sourcecode.c.objc; path = Slap.m; sourceTree = "<group>"; };
/* End PBXFileReference section */

/* Begin PBXFrameworksBuildPhase section */
		D9266773197A42110096B50C /* Frameworks */ = {
			isa = PBXFrameworksBuildPhase;
			buildActionMask = 2147483647;
			files = (
				D92667BC197AE2F50096B50C /* MessageUI.framework in Frameworks */,
				D92667BA197ADB770096B50C /* AudioToolbox.framework in Frameworks */,
				D92667B7197AD3610096B50C /* AddressBook.framework in Frameworks */,
				D92667B8197AD3610096B50C /* AddressBookUI.framework in Frameworks */,
				D92667AF197A44DE0096B50C /* CoreMotion.framework in Frameworks */,
				D926677C197A42110096B50C /* CoreGraphics.framework in Frameworks */,
				D926677E197A42110096B50C /* UIKit.framework in Frameworks */,
				D926677A197A42110096B50C /* Foundation.framework in Frameworks */,
			);
			runOnlyForDeploymentPostprocessing = 0;
		};
		D9266794197A42120096B50C /* Frameworks */ = {
			isa = PBXFrameworksBuildPhase;
			buildActionMask = 2147483647;
			files = (
				D9266799197A42120096B50C /* XCTest.framework in Frameworks */,
				D926679B197A42120096B50C /* UIKit.framework in Frameworks */,
				D926679A197A42120096B50C /* Foundation.framework in Frameworks */,
			);
			runOnlyForDeploymentPostprocessing = 0;
		};
/* End PBXFrameworksBuildPhase section */

/* Begin PBXGroup section */
		D926676D197A42110096B50C = {
			isa = PBXGroup;
			children = (
				D926677F197A42110096B50C /* HighFive */,
				D926679E197A42120096B50C /* HighFiveTests */,
				D9266778197A42110096B50C /* Frameworks */,
				D9266777197A42110096B50C /* Products */,
			);
			sourceTree = "<group>";
		};
		D9266777197A42110096B50C /* Products */ = {
			isa = PBXGroup;
			children = (
				D9266776197A42110096B50C /* HighFive.app */,
				D9266797197A42120096B50C /* HighFiveTests.xctest */,
			);
			name = Products;
			sourceTree = "<group>";
		};
		D9266778197A42110096B50C /* Frameworks */ = {
			isa = PBXGroup;
			children = (
				D92667BB197AE2F50096B50C /* MessageUI.framework */,
				D92667B9197ADB770096B50C /* AudioToolbox.framework */,
				D92667B5197AD3600096B50C /* AddressBook.framework */,
				D92667B6197AD3610096B50C /* AddressBookUI.framework */,
				D92667AE197A44DE0096B50C /* CoreMotion.framework */,
				D9266779197A42110096B50C /* Foundation.framework */,
				D926677B197A42110096B50C /* CoreGraphics.framework */,
				D926677D197A42110096B50C /* UIKit.framework */,
				D9266798197A42120096B50C /* XCTest.framework */,
			);
			name = Frameworks;
			sourceTree = "<group>";
		};
		D926677F197A42110096B50C /* HighFive */ = {
			isa = PBXGroup;
			children = (
				D9266788197A42110096B50C /* AppDelegate.h */,
				D9266789197A42110096B50C /* AppDelegate.m */,
				D926678B197A42110096B50C /* Main.storyboard */,
				D926678E197A42120096B50C /* ViewController.h */,
				D926678F197A42120096B50C /* ViewController.m */,
				D9266791197A42120096B50C /* Images.xcassets */,
				D9266780197A42110096B50C /* Supporting Files */,
				D92667B0197AC6DB0096B50C /* Slapperometer.h */,
				D92667B1197AC6DB0096B50C /* Slapperometer.m */,
				D92667BD197B36E20096B50C /* SlapNet.h */,
				D92667BE197B36E20096B50C /* SlapNet.m */,
				D92667C1197C6E550096B50C /* Slap.h */,
				D92667C2197C6E550096B50C /* Slap.m */,
			);
			path = HighFive;
			sourceTree = "<group>";
		};
		D9266780197A42110096B50C /* Supporting Files */ = {
			isa = PBXGroup;
			children = (
				D92667B3197AD1A40096B50C /* internet-high-five.jpeg */,
				D9266781197A42110096B50C /* HighFive-Info.plist */,
				D9266782197A42110096B50C /* InfoPlist.strings */,
				D9266785197A42110096B50C /* main.m */,
				D9266787197A42110096B50C /* HighFive-Prefix.pch */,
			);
			name = "Supporting Files";
			sourceTree = "<group>";
		};
		D926679E197A42120096B50C /* HighFiveTests */ = {
			isa = PBXGroup;
			children = (
				D92667A4197A42120096B50C /* HighFiveTests.m */,
				D926679F197A42120096B50C /* Supporting Files */,
			);
			path = HighFiveTests;
			sourceTree = "<group>";
		};
		D926679F197A42120096B50C /* Supporting Files */ = {
			isa = PBXGroup;
			children = (
				D92667A0197A42120096B50C /* HighFiveTests-Info.plist */,
				D92667A1197A42120096B50C /* InfoPlist.strings */,
			);
			name = "Supporting Files";
			sourceTree = "<group>";
		};
/* End PBXGroup section */

/* Begin PBXNativeTarget section */
		D9266775197A42110096B50C /* HighFive */ = {
			isa = PBXNativeTarget;
			buildConfigurationList = D92667A8197A42120096B50C /* Build configuration list for PBXNativeTarget "HighFive" */;
			buildPhases = (
				D9266772197A42110096B50C /* Sources */,
				D9266773197A42110096B50C /* Frameworks */,
				D9266774197A42110096B50C /* Resources */,
			);
			buildRules = (
			);
			dependencies = (
			);
			name = HighFive;
			productName = HighFive;
			productReference = D9266776197A42110096B50C /* HighFive.app */;
			productType = "com.apple.product-type.application";
		};
		D9266796197A42120096B50C /* HighFiveTests */ = {
			isa = PBXNativeTarget;
			buildConfigurationList = D92667AB197A42120096B50C /* Build configuration list for PBXNativeTarget "HighFiveTests" */;
			buildPhases = (
				D9266793197A42120096B50C /* Sources */,
				D9266794197A42120096B50C /* Frameworks */,
				D9266795197A42120096B50C /* Resources */,
			);
			buildRules = (
			);
			dependencies = (
				D926679D197A42120096B50C /* PBXTargetDependency */,
			);
			name = HighFiveTests;
			productName = HighFiveTests;
			productReference = D9266797197A42120096B50C /* HighFiveTests.xctest */;
			productType = "com.apple.product-type.bundle.unit-test";
		};
/* End PBXNativeTarget section */

/* Begin PBXProject section */
		D926676E197A42110096B50C /* Project object */ = {
			isa = PBXProject;
			attributes = {
				LastUpgradeCheck = 0510;
				ORGANIZATIONNAME = "Ipsum LLC";
				TargetAttributes = {
					D9266775197A42110096B50C = {
						DevelopmentTeam = X68G8MHD24;
					};
					D9266796197A42120096B50C = {
						TestTargetID = D9266775197A42110096B50C;
					};
				};
			};
			buildConfigurationList = D9266771197A42110096B50C /* Build configuration list for PBXProject "HighFive" */;
			compatibilityVersion = "Xcode 3.2";
			developmentRegion = English;
			hasScannedForEncodings = 0;
			knownRegions = (
				en,
				Base,
			);
			mainGroup = D926676D197A42110096B50C;
			productRefGroup = D9266777197A42110096B50C /* Products */;
			projectDirPath = "";
			projectRoot = "";
			targets = (
				D9266775197A42110096B50C /* HighFive */,
				D9266796197A42120096B50C /* HighFiveTests */,
			);
		};
/* End PBXProject section */

/* Begin PBXResourcesBuildPhase section */
		D9266774197A42110096B50C /* Resources */ = {
			isa = PBXResourcesBuildPhase;
			buildActionMask = 2147483647;
			files = (
				D92667B4197AD1A40096B50C /* internet-high-five.jpeg in Resources */,
				D9266792197A42120096B50C /* Images.xcassets in Resources */,
				D9266784197A42110096B50C /* InfoPlist.strings in Resources */,
				D926678D197A42120096B50C /* Main.storyboard in Resources */,
			);
			runOnlyForDeploymentPostprocessing = 0;
		};
		D9266795197A42120096B50C /* Resources */ = {
			isa = PBXResourcesBuildPhase;
			buildActionMask = 2147483647;
			files = (
				D92667A3197A42120096B50C /* InfoPlist.strings in Resources */,
			);
			runOnlyForDeploymentPostprocessing = 0;
		};
/* End PBXResourcesBuildPhase section */

/* Begin PBXSourcesBuildPhase section */
		D9266772197A42110096B50C /* Sources */ = {
			isa = PBXSourcesBuildPhase;
			buildActionMask = 2147483647;
			files = (
				D9266790197A42120096B50C /* ViewController.m in Sources */,
				D92667B2197AC6DB0096B50C /* Slapperometer.m in Sources */,
				D92667BF197B36E20096B50C /* SlapNet.m in Sources */,
				D926678A197A42110096B50C /* AppDelegate.m in Sources */,
				D9266786197A42110096B50C /* main.m in Sources */,
				D92667C3197C6E550096B50C /* Slap.m in Sources */,
			);
			runOnlyForDeploymentPostprocessing = 0;
		};
		D9266793197A42120096B50C /* Sources */ = {
			isa = PBXSourcesBuildPhase;
			buildActionMask = 2147483647;
			files = (
				D92667A5197A42120096B50C /* HighFiveTests.m in Sources */,
			);
			runOnlyForDeploymentPostprocessing = 0;
		};
/* End PBXSourcesBuildPhase section */

/* Begin PBXTargetDependency section */
		D926679D197A42120096B50C /* PBXTargetDependency */ = {
			isa = PBXTargetDependency;
			target = D9266775197A42110096B50C /* HighFive */;
			targetProxy = D926679C197A42120096B50C /* PBXContainerItemProxy */;
		};
/* End PBXTargetDependency section */

/* Begin PBXVariantGroup section */
		D9266782197A42110096B50C /* InfoPlist.strings */ = {
			isa = PBXVariantGroup;
			children = (
				D9266783197A42110096B50C /* en */,
			);
			name = InfoPlist.strings;
			sourceTree = "<group>";
		};
		D926678B197A42110096B50C /* Main.storyboard */ = {
			isa = PBXVariantGroup;
			children = (
				D926678C197A42110096B50C /* Base */,
			);
			name = Main.storyboard;
			sourceTree = "<group>";
		};
		D92667A1197A42120096B50C /* InfoPlist.strings */ = {
			isa = PBXVariantGroup;
			children = (
				D92667A2197A42120096B50C /* en */,
			);
			name = InfoPlist.strings;
			sourceTree = "<group>";
		};
/* End PBXVariantGroup section */

/* Begin XCBuildConfiguration section */
		D92667A6197A42120096B50C /* Debug */ = {
			isa = XCBuildConfiguration;
			buildSettings = {
				ALWAYS_SEARCH_USER_PATHS = NO;
				CLANG_CXX_LANGUAGE_STANDARD = "gnu++0x";
				CLANG_CXX_LIBRARY = "libc++";
				CLANG_ENABLE_MODULES = YES;
				CLANG_ENABLE_OBJC_ARC = YES;
				CLANG_WARN_BOOL_CONVERSION = YES;
				CLANG_WARN_CONSTANT_CONVERSION = YES;
				CLANG_WARN_DIRECT_OBJC_ISA_USAGE = YES_ERROR;
				CLANG_WARN_EMPTY_BODY = YES;
				CLANG_WARN_ENUM_CONVERSION = YES;
				CLANG_WARN_INT_CONVERSION = YES;
				CLANG_WARN_OBJC_ROOT_CLASS = YES_ERROR;
				CLANG_WARN__DUPLICATE_METHOD_MATCH = YES;
				"CODE_SIGN_IDENTITY[sdk=iphoneos*]" = "iPhone Developer";
				COPY_PHASE_STRIP = NO;
				GCC_C_LANGUAGE_STANDARD = gnu99;
				GCC_DYNAMIC_NO_PIC = NO;
				GCC_OPTIMIZATION_LEVEL = 0;
				GCC_PREPROCESSOR_DEFINITIONS = (
					"DEBUG=1",
					"$(inherited)",
				);
				GCC_SYMBOLS_PRIVATE_EXTERN = NO;
				GCC_WARN_64_TO_32_BIT_CONVERSION = YES;
				GCC_WARN_ABOUT_RETURN_TYPE = YES_ERROR;
				GCC_WARN_UNDECLARED_SELECTOR = YES;
				GCC_WARN_UNINITIALIZED_AUTOS = YES_AGGRESSIVE;
				GCC_WARN_UNUSED_FUNCTION = YES;
				GCC_WARN_UNUSED_VARIABLE = YES;
				IPHONEOS_DEPLOYMENT_TARGET = 7.1;
				ONLY_ACTIVE_ARCH = YES;
				SDKROOT = iphoneos;
			};
			name = Debug;
		};
		D92667A7197A42120096B50C /* Release */ = {
			isa = XCBuildConfiguration;
			buildSettings = {
				ALWAYS_SEARCH_USER_PATHS = NO;
				CLANG_CXX_LANGUAGE_STANDARD = "gnu++0x";
				CLANG_CXX_LIBRARY = "libc++";
				CLANG_ENABLE_MODULES = YES;
				CLANG_ENABLE_OBJC_ARC = YES;
				CLANG_WARN_BOOL_CONVERSION = YES;
				CLANG_WARN_CONSTANT_CONVERSION = YES;
				CLANG_WARN_DIRECT_OBJC_ISA_USAGE = YES_ERROR;
				CLANG_WARN_EMPTY_BODY = YES;
				CLANG_WARN_ENUM_CONVERSION = YES;
				CLANG_WARN_INT_CONVERSION = YES;
				CLANG_WARN_OBJC_ROOT_CLASS = YES_ERROR;
				CLANG_WARN__DUPLICATE_METHOD_MATCH = YES;
				"CODE_SIGN_IDENTITY[sdk=iphoneos*]" = "iPhone Developer";
				COPY_PHASE_STRIP = YES;
				ENABLE_NS_ASSERTIONS = NO;
				GCC_C_LANGUAGE_STANDARD = gnu99;
				GCC_WARN_64_TO_32_BIT_CONVERSION = YES;
				GCC_WARN_ABOUT_RETURN_TYPE = YES_ERROR;
				GCC_WARN_UNDECLARED_SELECTOR = YES;
				GCC_WARN_UNINITIALIZED_AUTOS = YES_AGGRESSIVE;
				GCC_WARN_UNUSED_FUNCTION = YES;
				GCC_WARN_UNUSED_VARIABLE = YES;
				IPHONEOS_DEPLOYMENT_TARGET = 7.1;
				SDKROOT = iphoneos;
				VALIDATE_PRODUCT = YES;
			};
			name = Release;
		};
		D92667A9197A42120096B50C /* Debug */ = {
			isa = XCBuildConfiguration;
			buildSettings = {
				ASSETCATALOG_COMPILER_APPICON_NAME = AppIcon;
				ASSETCATALOG_COMPILER_LAUNCHIMAGE_NAME = LaunchImage;
				CODE_SIGN_IDENTITY = "iPhone Developer";
				GCC_PRECOMPILE_PREFIX_HEADER = YES;
				GCC_PREFIX_HEADER = "HighFive/HighFive-Prefix.pch";
				INFOPLIST_FILE = "HighFive/HighFive-Info.plist";
				PRODUCT_NAME = "$(TARGET_NAME)";
				WRAPPER_EXTENSION = app;
			};
			name = Debug;
		};
		D92667AA197A42120096B50C /* Release */ = {
			isa = XCBuildConfiguration;
			buildSettings = {
				ASSETCATALOG_COMPILER_APPICON_NAME = AppIcon;
				ASSETCATALOG_COMPILER_LAUNCHIMAGE_NAME = LaunchImage;
				CODE_SIGN_IDENTITY = "iPhone Developer";
				GCC_PRECOMPILE_PREFIX_HEADER = YES;
				GCC_PREFIX_HEADER = "HighFive/HighFive-Prefix.pch";
				INFOPLIST_FILE = "HighFive/HighFive-Info.plist";
				PRODUCT_NAME = "$(TARGET_NAME)";
				WRAPPER_EXTENSION = app;
			};
			name = Release;
		};
		D92667AC197A42120096B50C /* Debug */ = {
			isa = XCBuildConfiguration;
			buildSettings = {
				BUNDLE_LOADER = "$(BUILT_PRODUCTS_DIR)/HighFive.app/HighFive";
				FRAMEWORK_SEARCH_PATHS = (
					"$(SDKROOT)/Developer/Library/Frameworks",
					"$(inherited)",
					"$(DEVELOPER_FRAMEWORKS_DIR)",
				);
				GCC_PRECOMPILE_PREFIX_HEADER = YES;
				GCC_PREFIX_HEADER = "HighFive/HighFive-Prefix.pch";
				GCC_PREPROCESSOR_DEFINITIONS = (
					"DEBUG=1",
					"$(inherited)",
				);
				INFOPLIST_FILE = "HighFiveTests/HighFiveTests-Info.plist";
				PRODUCT_NAME = "$(TARGET_NAME)";
				TEST_HOST = "$(BUNDLE_LOADER)";
				WRAPPER_EXTENSION = xctest;
			};
			name = Debug;
		};
		D92667AD197A42120096B50C /* Release */ = {
			isa = XCBuildConfiguration;
			buildSettings = {
				BUNDLE_LOADER = "$(BUILT_PRODUCTS_DIR)/HighFive.app/HighFive";
				FRAMEWORK_SEARCH_PATHS = (
					"$(SDKROOT)/Developer/Library/Frameworks",
					"$(inherited)",
					"$(DEVELOPER_FRAMEWORKS_DIR)",
				);
				GCC_PRECOMPILE_PREFIX_HEADER = YES;
				GCC_PREFIX_HEADER = "HighFive/HighFive-Prefix.pch";
				INFOPLIST_FILE = "HighFiveTests/HighFiveTests-Info.plist";
				PRODUCT_NAME = "$(TARGET_NAME)";
				TEST_HOST = "$(BUNDLE_LOADER)";
				WRAPPER_EXTENSION = xctest;
			};
			name = Release;
		};
/* End XCBuildConfiguration section */

/* Begin XCConfigurationList section */
		D9266771197A42110096B50C /* Build configuration list for PBXProject "HighFive" */ = {
			isa = XCConfigurationList;
			buildConfigurations = (
				D92667A6197A42120096B50C /* Debug */,
				D92667A7197A42120096B50C /* Release */,
			);
			defaultConfigurationIsVisible = 0;
			defaultConfigurationName = Release;
		};
		D92667A8197A42120096B50C /* Build configuration list for PBXNativeTarget "HighFive" */ = {
			isa = XCConfigurationList;
			buildConfigurations = (
				D92667A9197A42120096B50C /* Debug */,
				D92667AA197A42120096B50C /* Release */,
			);
			defaultConfigurationIsVisible = 0;
		};
		D92667AB197A42120096B50C /* Build configuration list for PBXNativeTarget "HighFiveTests" */ = {
			isa = XCConfigurationList;
			buildConfigurations = (
				D92667AC197A42120096B50C /* Debug */,
				D92667AD197A42120096B50C /* Release */,
			);
			defaultConfigurationIsVisible = 0;
		};
/* End XCConfigurationList section */
	};
	rootObject = D926676E197A42110096B50C /* Project object */;
}
